// !$*UTF8*$!
{
	archiveVersion = 1;
	classes = {
	};
	objectVersion = 46;
	objects = {

/* Begin PBXBuildFile section */
		07114F551A34418400A8B2EF /* ANTableController.m in Sources */ = {isa = PBXBuildFile; fileRef = 07114F3E1A34418400A8B2EF /* ANTableController.m */; };
		07114F561A34418400A8B2EF /* ANTableViewCell.m in Sources */ = {isa = PBXBuildFile; fileRef = 07114F421A34418400A8B2EF /* ANTableViewCell.m */; };
		07114F571A34418400A8B2EF /* ANTableViewHeaderFooterView.m in Sources */ = {isa = PBXBuildFile; fileRef = 07114F441A34418400A8B2EF /* ANTableViewHeaderFooterView.m */; };
		07114F581A34418400A8B2EF /* ANTableController+Private.m in Sources */ = {isa = PBXBuildFile; fileRef = 07114F471A34418400A8B2EF /* ANTableController+Private.m */; };
		07114F591A34418400A8B2EF /* ANTableController+UITableViewDelegatesPrivate.m in Sources */ = {isa = PBXBuildFile; fileRef = 07114F491A34418400A8B2EF /* ANTableController+UITableViewDelegatesPrivate.m */; };
		07114F5A1A34418400A8B2EF /* ANTableViewFactory.m in Sources */ = {isa = PBXBuildFile; fileRef = 07114F4D1A34418400A8B2EF /* ANTableViewFactory.m */; };
		07114F5B1A34418400A8B2EF /* DTMemoryStorage+ANTableController.m in Sources */ = {isa = PBXBuildFile; fileRef = 07114F4F1A34418400A8B2EF /* DTMemoryStorage+ANTableController.m */; };
		07FBC1171A31745900AC2743 /* main.m in Sources */ = {isa = PBXBuildFile; fileRef = 07FBC1161A31745900AC2743 /* main.m */; };
		07FBC11A1A31745A00AC2743 /* AppDelegate.m in Sources */ = {isa = PBXBuildFile; fileRef = 07FBC1191A31745A00AC2743 /* AppDelegate.m */; };
		07FBC11D1A31745A00AC2743 /* ViewController.m in Sources */ = {isa = PBXBuildFile; fileRef = 07FBC11C1A31745A00AC2743 /* ViewController.m */; };
		07FBC1201A31745A00AC2743 /* Main.storyboard in Resources */ = {isa = PBXBuildFile; fileRef = 07FBC11E1A31745A00AC2743 /* Main.storyboard */; };
		07FBC1221A31745A00AC2743 /* Images.xcassets in Resources */ = {isa = PBXBuildFile; fileRef = 07FBC1211A31745A00AC2743 /* Images.xcassets */; };
		07FBC1251A31745A00AC2743 /* LaunchScreen.xib in Resources */ = {isa = PBXBuildFile; fileRef = 07FBC1231A31745A00AC2743 /* LaunchScreen.xib */; };
		07FBC15E1A31793000AC2743 /* TableController.m in Sources */ = {isa = PBXBuildFile; fileRef = 07FBC15D1A31793000AC2743 /* TableController.m */; };
		52320B45EE669E1D6A13D677 /* libPods-ANTableControllerDemo.a in Frameworks */ = {isa = PBXBuildFile; fileRef = 429A9FD8A4B4871861BDAA22 /* libPods-ANTableControllerDemo.a */; };
/* End PBXBuildFile section */

/* Begin PBXFileReference section */
		07114F3D1A34418400A8B2EF /* ANTableController.h */ = {isa = PBXFileReference; fileEncoding = 4; lastKnownFileType = sourcecode.c.h; path = ANTableController.h; sourceTree = "<group>"; };
		07114F3E1A34418400A8B2EF /* ANTableController.m */ = {isa = PBXFileReference; fileEncoding = 4; lastKnownFileType = sourcecode.c.objc; path = ANTableController.m; sourceTree = "<group>"; };
		07114F3F1A34418400A8B2EF /* ANTableControllerHeader.h */ = {isa = PBXFileReference; fileEncoding = 4; lastKnownFileType = sourcecode.c.h; path = ANTableControllerHeader.h; sourceTree = "<group>"; };
		07114F411A34418400A8B2EF /* ANTableViewCell.h */ = {isa = PBXFileReference; fileEncoding = 4; lastKnownFileType = sourcecode.c.h; path = ANTableViewCell.h; sourceTree = "<group>"; };
		07114F421A34418400A8B2EF /* ANTableViewCell.m */ = {isa = PBXFileReference; fileEncoding = 4; lastKnownFileType = sourcecode.c.objc; path = ANTableViewCell.m; sourceTree = "<group>"; };
		07114F431A34418400A8B2EF /* ANTableViewHeaderFooterView.h */ = {isa = PBXFileReference; fileEncoding = 4; lastKnownFileType = sourcecode.c.h; path = ANTableViewHeaderFooterView.h; sourceTree = "<group>"; };
		07114F441A34418400A8B2EF /* ANTableViewHeaderFooterView.m */ = {isa = PBXFileReference; fileEncoding = 4; lastKnownFileType = sourcecode.c.objc; path = ANTableViewHeaderFooterView.m; sourceTree = "<group>"; };
		07114F461A34418400A8B2EF /* ANTableController+Private.h */ = {isa = PBXFileReference; fileEncoding = 4; lastKnownFileType = sourcecode.c.h; path = "ANTableController+Private.h"; sourceTree = "<group>"; };
		07114F471A34418400A8B2EF /* ANTableController+Private.m */ = {isa = PBXFileReference; fileEncoding = 4; lastKnownFileType = sourcecode.c.objc; path = "ANTableController+Private.m"; sourceTree = "<group>"; };
		07114F481A34418400A8B2EF /* ANTableController+UITableViewDelegatesPrivate.h */ = {isa = PBXFileReference; fileEncoding = 4; lastKnownFileType = sourcecode.c.h; path = "ANTableController+UITableViewDelegatesPrivate.h"; sourceTree = "<group>"; };
		07114F491A34418400A8B2EF /* ANTableController+UITableViewDelegatesPrivate.m */ = {isa = PBXFileReference; fileEncoding = 4; lastKnownFileType = sourcecode.c.objc; path = "ANTableController+UITableViewDelegatesPrivate.m"; sourceTree = "<group>"; };
		07114F4A1A34418400A8B2EF /* ANTableControllerEvents.h */ = {isa = PBXFileReference; fileEncoding = 4; lastKnownFileType = sourcecode.c.h; path = ANTableControllerEvents.h; sourceTree = "<group>"; };
		07114F4C1A34418400A8B2EF /* ANTableViewFactory.h */ = {isa = PBXFileReference; fileEncoding = 4; lastKnownFileType = sourcecode.c.h; path = ANTableViewFactory.h; sourceTree = "<group>"; };
		07114F4D1A34418400A8B2EF /* ANTableViewFactory.m */ = {isa = PBXFileReference; fileEncoding = 4; lastKnownFileType = sourcecode.c.objc; path = ANTableViewFactory.m; sourceTree = "<group>"; };
		07114F4E1A34418400A8B2EF /* DTMemoryStorage+ANTableController.h */ = {isa = PBXFileReference; fileEncoding = 4; lastKnownFileType = sourcecode.c.h; path = "DTMemoryStorage+ANTableController.h"; sourceTree = "<group>"; };
		07114F4F1A34418400A8B2EF /* DTMemoryStorage+ANTableController.m */ = {isa = PBXFileReference; fileEncoding = 4; lastKnownFileType = sourcecode.c.objc; path = "DTMemoryStorage+ANTableController.m"; sourceTree = "<group>"; };
		07FBC1111A31745900AC2743 /* ANTableControllerDemo.app */ = {isa = PBXFileReference; explicitFileType = wrapper.application; includeInIndex = 0; path = ANTableControllerDemo.app; sourceTree = BUILT_PRODUCTS_DIR; };
		07FBC1151A31745900AC2743 /* Info.plist */ = {isa = PBXFileReference; lastKnownFileType = text.plist.xml; path = Info.plist; sourceTree = "<group>"; };
		07FBC1161A31745900AC2743 /* main.m */ = {isa = PBXFileReference; lastKnownFileType = sourcecode.c.objc; path = main.m; sourceTree = "<group>"; };
		07FBC1181A31745900AC2743 /* AppDelegate.h */ = {isa = PBXFileReference; lastKnownFileType = sourcecode.c.h; path = AppDelegate.h; sourceTree = "<group>"; };
		07FBC1191A31745A00AC2743 /* AppDelegate.m */ = {isa = PBXFileReference; lastKnownFileType = sourcecode.c.objc; path = AppDelegate.m; sourceTree = "<group>"; };
		07FBC11B1A31745A00AC2743 /* ViewController.h */ = {isa = PBXFileReference; lastKnownFileType = sourcecode.c.h; path = ViewController.h; sourceTree = "<group>"; };
		07FBC11C1A31745A00AC2743 /* ViewController.m */ = {isa = PBXFileReference; lastKnownFileType = sourcecode.c.objc; path = ViewController.m; sourceTree = "<group>"; };
		07FBC11F1A31745A00AC2743 /* Base */ = {isa = PBXFileReference; lastKnownFileType = file.storyboard; name = Base; path = Base.lproj/Main.storyboard; sourceTree = "<group>"; };
		07FBC1211A31745A00AC2743 /* Images.xcassets */ = {isa = PBXFileReference; lastKnownFileType = folder.assetcatalog; path = Images.xcassets; sourceTree = "<group>"; };
		07FBC1241A31745A00AC2743 /* Base */ = {isa = PBXFileReference; lastKnownFileType = file.xib; name = Base; path = Base.lproj/LaunchScreen.xib; sourceTree = "<group>"; };
		07FBC15C1A31793000AC2743 /* TableController.h */ = {isa = PBXFileReference; fileEncoding = 4; lastKnownFileType = sourcecode.c.h; path = TableController.h; sourceTree = "<group>"; };
		07FBC15D1A31793000AC2743 /* TableController.m */ = {isa = PBXFileReference; fileEncoding = 4; lastKnownFileType = sourcecode.c.objc; path = TableController.m; sourceTree = "<group>"; };
		07FBC1821A317CBD00AC2743 /* Demo.pch */ = {isa = PBXFileReference; fileEncoding = 4; lastKnownFileType = sourcecode.c.h; path = Demo.pch; sourceTree = "<group>"; };
		10D2A07D8D94F0DB6C132EA7 /* Pods-ANTableControllerDemo.debug.xcconfig */ = {isa = PBXFileReference; includeInIndex = 1; lastKnownFileType = text.xcconfig; name = "Pods-ANTableControllerDemo.debug.xcconfig"; path = "Pods/Target Support Files/Pods-ANTableControllerDemo/Pods-ANTableControllerDemo.debug.xcconfig"; sourceTree = "<group>"; };
		429A9FD8A4B4871861BDAA22 /* libPods-ANTableControllerDemo.a */ = {isa = PBXFileReference; explicitFileType = archive.ar; includeInIndex = 0; path = "libPods-ANTableControllerDemo.a"; sourceTree = BUILT_PRODUCTS_DIR; };
		FF301CB1592F9CA0CFD922A2 /* Pods-ANTableControllerDemo.release.xcconfig */ = {isa = PBXFileReference; includeInIndex = 1; lastKnownFileType = text.xcconfig; name = "Pods-ANTableControllerDemo.release.xcconfig"; path = "Pods/Target Support Files/Pods-ANTableControllerDemo/Pods-ANTableControllerDemo.release.xcconfig"; sourceTree = "<group>"; };
/* End PBXFileReference section */

/* Begin PBXFrameworksBuildPhase section */
		07FBC10E1A31745900AC2743 /* Frameworks */ = {
			isa = PBXFrameworksBuildPhase;
			buildActionMask = 2147483647;
			files = (
				52320B45EE669E1D6A13D677 /* libPods-ANTableControllerDemo.a in Frameworks */,
			);
			runOnlyForDeploymentPostprocessing = 0;
		};
/* End PBXFrameworksBuildPhase section */

/* Begin PBXGroup section */
		07114F3C1A34418400A8B2EF /* TableController */ = {
			isa = PBXGroup;
			children = (
				07114F3D1A34418400A8B2EF /* ANTableController.h */,
				07114F3E1A34418400A8B2EF /* ANTableController.m */,
				07114F3F1A34418400A8B2EF /* ANTableControllerHeader.h */,
				07114F401A34418400A8B2EF /* BaseUIClasses */,
				07114F451A34418400A8B2EF /* Private */,
			);
			path = TableController;
			sourceTree = "<group>";
		};
		07114F401A34418400A8B2EF /* BaseUIClasses */ = {
			isa = PBXGroup;
			children = (
				07114F411A34418400A8B2EF /* ANTableViewCell.h */,
				07114F421A34418400A8B2EF /* ANTableViewCell.m */,
				07114F431A34418400A8B2EF /* ANTableViewHeaderFooterView.h */,
				07114F441A34418400A8B2EF /* ANTableViewHeaderFooterView.m */,
			);
			path = BaseUIClasses;
			sourceTree = "<group>";
		};
		07114F451A34418400A8B2EF /* Private */ = {
			isa = PBXGroup;
			children = (
				07114F461A34418400A8B2EF /* ANTableController+Private.h */,
				07114F471A34418400A8B2EF /* ANTableController+Private.m */,
				07114F481A34418400A8B2EF /* ANTableController+UITableViewDelegatesPrivate.h */,
				07114F491A34418400A8B2EF /* ANTableController+UITableViewDelegatesPrivate.m */,
				07114F4A1A34418400A8B2EF /* ANTableControllerEvents.h */,
				07114F4B1A34418400A8B2EF /* CellFactory */,
				07114F4E1A34418400A8B2EF /* DTMemoryStorage+ANTableController.h */,
				07114F4F1A34418400A8B2EF /* DTMemoryStorage+ANTableController.m */,
			);
			path = Private;
			sourceTree = "<group>";
		};
		07114F4B1A34418400A8B2EF /* CellFactory */ = {
			isa = PBXGroup;
			children = (
				07114F4C1A34418400A8B2EF /* ANTableViewFactory.h */,
				07114F4D1A34418400A8B2EF /* ANTableViewFactory.m */,
			);
			path = CellFactory;
			sourceTree = "<group>";
		};
		07FBC1081A31745900AC2743 = {
			isa = PBXGroup;
			children = (
				07114F3C1A34418400A8B2EF /* TableController */,
				07FBC1131A31745900AC2743 /* ANTableControllerDemo */,
				07FBC1121A31745900AC2743 /* Products */,
				FFB535B96BD64B745A96EEC0 /* Pods */,
				93603B42B2C28EA67030231A /* Frameworks */,
			);
			sourceTree = "<group>";
		};
		07FBC1121A31745900AC2743 /* Products */ = {
			isa = PBXGroup;
			children = (
				07FBC1111A31745900AC2743 /* ANTableControllerDemo.app */,
			);
			name = Products;
			sourceTree = "<group>";
		};
		07FBC1131A31745900AC2743 /* ANTableControllerDemo */ = {
			isa = PBXGroup;
			children = (
				07FBC1941A318F0600AC2743 /* AppDelegate */,
				07FBC11B1A31745A00AC2743 /* ViewController.h */,
				07FBC11C1A31745A00AC2743 /* ViewController.m */,
				07FBC15C1A31793000AC2743 /* TableController.h */,
				07FBC15D1A31793000AC2743 /* TableController.m */,
				07FBC1951A318F0F00AC2743 /* Resourses */,
				07FBC1141A31745900AC2743 /* Supporting Files */,
			);
			path = ANTableControllerDemo;
			sourceTree = "<group>";
		};
		07FBC1141A31745900AC2743 /* Supporting Files */ = {
			isa = PBXGroup;
			children = (
				07FBC1151A31745900AC2743 /* Info.plist */,
				07FBC1821A317CBD00AC2743 /* Demo.pch */,
				07FBC1161A31745900AC2743 /* main.m */,
			);
			name = "Supporting Files";
			sourceTree = "<group>";
		};
		07FBC1941A318F0600AC2743 /* AppDelegate */ = {
			isa = PBXGroup;
			children = (
				07FBC1181A31745900AC2743 /* AppDelegate.h */,
				07FBC1191A31745A00AC2743 /* AppDelegate.m */,
			);
			name = AppDelegate;
			sourceTree = "<group>";
		};
		07FBC1951A318F0F00AC2743 /* Resourses */ = {
			isa = PBXGroup;
			children = (
				07FBC11E1A31745A00AC2743 /* Main.storyboard */,
				07FBC1211A31745A00AC2743 /* Images.xcassets */,
				07FBC1231A31745A00AC2743 /* LaunchScreen.xib */,
			);
			name = Resourses;
			sourceTree = "<group>";
		};
		93603B42B2C28EA67030231A /* Frameworks */ = {
			isa = PBXGroup;
			children = (
				429A9FD8A4B4871861BDAA22 /* libPods-ANTableControllerDemo.a */,
			);
			name = Frameworks;
			sourceTree = "<group>";
		};
		FFB535B96BD64B745A96EEC0 /* Pods */ = {
			isa = PBXGroup;
			children = (
				10D2A07D8D94F0DB6C132EA7 /* Pods-ANTableControllerDemo.debug.xcconfig */,
				FF301CB1592F9CA0CFD922A2 /* Pods-ANTableControllerDemo.release.xcconfig */,
			);
			name = Pods;
			sourceTree = "<group>";
		};
/* End PBXGroup section */

/* Begin PBXNativeTarget section */
		07FBC1101A31745900AC2743 /* ANTableControllerDemo */ = {
			isa = PBXNativeTarget;
			buildConfigurationList = 07FBC1341A31745A00AC2743 /* Build configuration list for PBXNativeTarget "ANTableControllerDemo" */;
			buildPhases = (
				ABF60172B95B155AD66EE3A4 /* Check Pods Manifest.lock */,
				07FBC10D1A31745900AC2743 /* Sources */,
				07FBC10E1A31745900AC2743 /* Frameworks */,
				07FBC10F1A31745900AC2743 /* Resources */,
				7BCDBA5AE2F82E7525F567AB /* Copy Pods Resources */,
			);
			buildRules = (
			);
			dependencies = (
			);
			name = ANTableControllerDemo;
			productName = ANTableControllerDemo;
			productReference = 07FBC1111A31745900AC2743 /* ANTableControllerDemo.app */;
			productType = "com.apple.product-type.application";
		};
/* End PBXNativeTarget section */

/* Begin PBXProject section */
		07FBC1091A31745900AC2743 /* Project object */ = {
			isa = PBXProject;
			attributes = {
				LastUpgradeCheck = 0610;
				ORGANIZATIONNAME = Oks;
				TargetAttributes = {
					07FBC1101A31745900AC2743 = {
						CreatedOnToolsVersion = 6.1.1;
					};
				};
			};
			buildConfigurationList = 07FBC10C1A31745900AC2743 /* Build configuration list for PBXProject "ANTableControllerDemo" */;
			compatibilityVersion = "Xcode 3.2";
			developmentRegion = English;
			hasScannedForEncodings = 0;
			knownRegions = (
				en,
				Base,
			);
			mainGroup = 07FBC1081A31745900AC2743;
			productRefGroup = 07FBC1121A31745900AC2743 /* Products */;
			projectDirPath = "";
			projectRoot = "";
			targets = (
				07FBC1101A31745900AC2743 /* ANTableControllerDemo */,
			);
		};
/* End PBXProject section */

/* Begin PBXResourcesBuildPhase section */
		07FBC10F1A31745900AC2743 /* Resources */ = {
			isa = PBXResourcesBuildPhase;
			buildActionMask = 2147483647;
			files = (
				07FBC1201A31745A00AC2743 /* Main.storyboard in Resources */,
				07FBC1251A31745A00AC2743 /* LaunchScreen.xib in Resources */,
				07FBC1221A31745A00AC2743 /* Images.xcassets in Resources */,
			);
			runOnlyForDeploymentPostprocessing = 0;
		};
/* End PBXResourcesBuildPhase section */

/* Begin PBXShellScriptBuildPhase section */
		7BCDBA5AE2F82E7525F567AB /* Copy Pods Resources */ = {
			isa = PBXShellScriptBuildPhase;
			buildActionMask = 2147483647;
			files = (
			);
			inputPaths = (
			);
			name = "Copy Pods Resources";
			outputPaths = (
			);
			runOnlyForDeploymentPostprocessing = 0;
			shellPath = /bin/sh;
			shellScript = "\"${SRCROOT}/Pods/Target Support Files/Pods-ANTableControllerDemo/Pods-ANTableControllerDemo-resources.sh\"\n";
			showEnvVarsInLog = 0;
		};
		ABF60172B95B155AD66EE3A4 /* Check Pods Manifest.lock */ = {
			isa = PBXShellScriptBuildPhase;
			buildActionMask = 2147483647;
			files = (
			);
			inputPaths = (
			);
			name = "Check Pods Manifest.lock";
			outputPaths = (
			);
			runOnlyForDeploymentPostprocessing = 0;
			shellPath = /bin/sh;
			shellScript = "diff \"${PODS_ROOT}/../Podfile.lock\" \"${PODS_ROOT}/Manifest.lock\" > /dev/null\nif [[ $? != 0 ]] ; then\n    cat << EOM\nerror: The sandbox is not in sync with the Podfile.lock. Run 'pod install' or update your CocoaPods installation.\nEOM\n    exit 1\nfi\n";
			showEnvVarsInLog = 0;
		};
/* End PBXShellScriptBuildPhase section */

/* Begin PBXSourcesBuildPhase section */
		07FBC10D1A31745900AC2743 /* Sources */ = {
			isa = PBXSourcesBuildPhase;
			buildActionMask = 2147483647;
			files = (
				07114F561A34418400A8B2EF /* ANTableViewCell.m in Sources */,
				07FBC11D1A31745A00AC2743 /* ViewController.m in Sources */,
				07FBC11A1A31745A00AC2743 /* AppDelegate.m in Sources */,
				07114F571A34418400A8B2EF /* ANTableViewHeaderFooterView.m in Sources */,
				07FBC15E1A31793000AC2743 /* TableController.m in Sources */,
				07114F551A34418400A8B2EF /* ANTableController.m in Sources */,
				07FBC1171A31745900AC2743 /* main.m in Sources */,
				07114F591A34418400A8B2EF /* ANTableController+UITableViewDelegatesPrivate.m in Sources */,
				07114F581A34418400A8B2EF /* ANTableController+Private.m in Sources */,
				07114F5A1A34418400A8B2EF /* ANTableViewFactory.m in Sources */,
				07114F5B1A34418400A8B2EF /* DTMemoryStorage+ANTableController.m in Sources */,
			);
			runOnlyForDeploymentPostprocessing = 0;
		};
/* End PBXSourcesBuildPhase section */

/* Begin PBXVariantGroup section */
		07FBC11E1A31745A00AC2743 /* Main.storyboard */ = {
			isa = PBXVariantGroup;
			children = (
				07FBC11F1A31745A00AC2743 /* Base */,
			);
			name = Main.storyboard;
			sourceTree = "<group>";
		};
		07FBC1231A31745A00AC2743 /* LaunchScreen.xib */ = {
			isa = PBXVariantGroup;
			children = (
				07FBC1241A31745A00AC2743 /* Base */,
			);
			name = LaunchScreen.xib;
			sourceTree = "<group>";
		};
/* End PBXVariantGroup section */

/* Begin XCBuildConfiguration section */
		07FBC1321A31745A00AC2743 /* Debug */ = {
			isa = XCBuildConfiguration;
			buildSettings = {
				ALWAYS_SEARCH_USER_PATHS = NO;
				CLANG_CXX_LANGUAGE_STANDARD = "gnu++0x";
				CLANG_CXX_LIBRARY = "libc++";
				CLANG_ENABLE_MODULES = YES;
				CLANG_ENABLE_OBJC_ARC = YES;
				CLANG_WARN_BOOL_CONVERSION = YES;
				CLANG_WARN_CONSTANT_CONVERSION = YES;
				CLANG_WARN_DIRECT_OBJC_ISA_USAGE = YES_ERROR;
				CLANG_WARN_EMPTY_BODY = YES;
				CLANG_WARN_ENUM_CONVERSION = YES;
				CLANG_WARN_INT_CONVERSION = YES;
				CLANG_WARN_OBJC_ROOT_CLASS = YES_ERROR;
				CLANG_WARN_UNREACHABLE_CODE = YES;
				CLANG_WARN__DUPLICATE_METHOD_MATCH = YES;
				"CODE_SIGN_IDENTITY[sdk=iphoneos*]" = "iPhone Developer";
				COPY_PHASE_STRIP = NO;
				ENABLE_STRICT_OBJC_MSGSEND = YES;
				GCC_C_LANGUAGE_STANDARD = gnu99;
				GCC_DYNAMIC_NO_PIC = NO;
				GCC_OPTIMIZATION_LEVEL = 0;
				GCC_PREPROCESSOR_DEFINITIONS = (
					"DEBUG=1",
					"$(inherited)",
				);
				GCC_SYMBOLS_PRIVATE_EXTERN = NO;
				GCC_WARN_64_TO_32_BIT_CONVERSION = YES;
				GCC_WARN_ABOUT_RETURN_TYPE = YES_ERROR;
				GCC_WARN_UNDECLARED_SELECTOR = YES;
				GCC_WARN_UNINITIALIZED_AUTOS = YES_AGGRESSIVE;
				GCC_WARN_UNUSED_FUNCTION = YES;
				GCC_WARN_UNUSED_VARIABLE = YES;
				IPHONEOS_DEPLOYMENT_TARGET = 8.1;
				MTL_ENABLE_DEBUG_INFO = YES;
				ONLY_ACTIVE_ARCH = YES;
				SDKROOT = iphoneos;
				TARGETED_DEVICE_FAMILY = "1,2";
			};
			name = Debug;
		};
		07FBC1331A31745A00AC2743 /* Release */ = {
			isa = XCBuildConfiguration;
			buildSettings = {
				ALWAYS_SEARCH_USER_PATHS = NO;
				CLANG_CXX_LANGUAGE_STANDARD = "gnu++0x";
				CLANG_CXX_LIBRARY = "libc++";
				CLANG_ENABLE_MODULES = YES;
				CLANG_ENABLE_OBJC_ARC = YES;
				CLANG_WARN_BOOL_CONVERSION = YES;
				CLANG_WARN_CONSTANT_CONVERSION = YES;
				CLANG_WARN_DIRECT_OBJC_ISA_USAGE = YES_ERROR;
				CLANG_WARN_EMPTY_BODY = YES;
				CLANG_WARN_ENUM_CONVERSION = YES;
				CLANG_WARN_INT_CONVERSION = YES;
				CLANG_WARN_OBJC_ROOT_CLASS = YES_ERROR;
				CLANG_WARN_UNREACHABLE_CODE = YES;
				CLANG_WARN__DUPLICATE_METHOD_MATCH = YES;
				"CODE_SIGN_IDENTITY[sdk=iphoneos*]" = "iPhone Developer";
				COPY_PHASE_STRIP = YES;
				ENABLE_NS_ASSERTIONS = NO;
				ENABLE_STRICT_OBJC_MSGSEND = YES;
				GCC_C_LANGUAGE_STANDARD = gnu99;
				GCC_WARN_64_TO_32_BIT_CONVERSION = YES;
				GCC_WARN_ABOUT_RETURN_TYPE = YES_ERROR;
				GCC_WARN_UNDECLARED_SELECTOR = YES;
				GCC_WARN_UNINITIALIZED_AUTOS = YES_AGGRESSIVE;
				GCC_WARN_UNUSED_FUNCTION = YES;
				GCC_WARN_UNUSED_VARIABLE = YES;
				IPHONEOS_DEPLOYMENT_TARGET = 8.1;
				MTL_ENABLE_DEBUG_INFO = NO;
				SDKROOT = iphoneos;
				TARGETED_DEVICE_FAMILY = "1,2";
				VALIDATE_PRODUCT = YES;
			};
			name = Release;
		};
		07FBC1351A31745A00AC2743 /* Debug */ = {
			isa = XCBuildConfiguration;
			baseConfigurationReference = 10D2A07D8D94F0DB6C132EA7 /* Pods-ANTableControllerDemo.debug.xcconfig */;
			buildSettings = {
				ASSETCATALOG_COMPILER_APPICON_NAME = AppIcon;
				GCC_PRECOMPILE_PREFIX_HEADER = YES;
				GCC_PREFIX_HEADER = ANTableControllerDemo/Demo.pch;
				INFOPLIST_FILE = ANTableControllerDemo/Info.plist;
				LD_RUNPATH_SEARCH_PATHS = "$(inherited) @executable_path/Frameworks";
				PRODUCT_NAME = "$(TARGET_NAME)";
			};
			name = Debug;
		};
		07FBC1361A31745A00AC2743 /* Release */ = {
			isa = XCBuildConfiguration;
			baseConfigurationReference = FF301CB1592F9CA0CFD922A2 /* Pods-ANTableControllerDemo.release.xcconfig */;
			buildSettings = {
				ASSETCATALOG_COMPILER_APPICON_NAME = AppIcon;
				GCC_PRECOMPILE_PREFIX_HEADER = YES;
				GCC_PREFIX_HEADER = ANTableControllerDemo/Demo.pch;
				INFOPLIST_FILE = ANTableControllerDemo/Info.plist;
				LD_RUNPATH_SEARCH_PATHS = "$(inherited) @executable_path/Frameworks";
				PRODUCT_NAME = "$(TARGET_NAME)";
			};
			name = Release;
		};
/* End XCBuildConfiguration section */

/* Begin XCConfigurationList section */
		07FBC10C1A31745900AC2743 /* Build configuration list for PBXProject "ANTableControllerDemo" */ = {
			isa = XCConfigurationList;
			buildConfigurations = (
				07FBC1321A31745A00AC2743 /* Debug */,
				07FBC1331A31745A00AC2743 /* Release */,
			);
			defaultConfigurationIsVisible = 0;
			defaultConfigurationName = Release;
		};
		07FBC1341A31745A00AC2743 /* Build configuration list for PBXNativeTarget "ANTableControllerDemo" */ = {
			isa = XCConfigurationList;
			buildConfigurations = (
				07FBC1351A31745A00AC2743 /* Debug */,
				07FBC1361A31745A00AC2743 /* Release */,
			);
			defaultConfigurationIsVisible = 0;
			defaultConfigurationName = Release;
		};
/* End XCConfigurationList section */
	};
	rootObject = 07FBC1091A31745900AC2743 /* Project object */;
}
