PODS:
  - ANHelperFunctions (1.0)
  - ANKeyboardHandler (1.0):
    - ANHelperFunctions (~> 1.0)
  - ANStorage (1.0):
    - ANHelperFunctions (~> 1.0)

DEPENDENCIES:
  - ANKeyboardHandler (~> 1.0)
  - ANStorage (~> 1.0)

SPEC CHECKSUMS:
  ANHelperFunctions: 0ed93dfd611da68c2fc44d19b0bc025e0436d658
  ANKeyboardHandler: eda31266b4662164f64735d603f40b1a2782e3fb
  ANStorage: 3a0e128323a8a393a7b8bd95f8a449e2054b2535

COCOAPODS: 0.35.0
